
Microsoft Visual Studio Solution File, Format Version 12.00
# Visual Studio 15
VisualStudioVersion = 15.0.28307.329
MinimumVisualStudioVersion = 10.0.40219.1
Project("{FAE04EC0-301F-11D3-BF4B-00C04F79EFBC}") = "TheFeels", "TheFeels\TheFeels.csproj", "{5E9F771A-86E6-4781-90A6-6E6D83FCFBBB}"
EndProject
Project("{2150E333-8FDC-42A3-9474-1A3956D46DE8}") = "Solution Items", "Solution Items", "{83590D9A-C370-4759-9975-8089979AC6C1}"
	ProjectSection(SolutionItems) = preProject
		.gitignore = .gitignore
	EndProjectSection
EndProject
Global
	GlobalSection(SolutionConfigurationPlatforms) = preSolution
		Debug|Any CPU = Debug|Any CPU
		Release|Any CPU = Release|Any CPU
	EndGlobalSection
	GlobalSection(ProjectConfigurationPlatforms) = postSolution
		{5E9F771A-86E6-4781-90A6-6E6D83FCFBBB}.Debug|Any CPU.ActiveCfg = Debug|Any CPU
		{5E9F771A-86E6-4781-90A6-6E6D83FCFBBB}.Debug|Any CPU.Build.0 = Debug|Any CPU
		{5E9F771A-86E6-4781-90A6-6E6D83FCFBBB}.Release|Any CPU.ActiveCfg = Release|Any CPU
		{5E9F771A-86E6-4781-90A6-6E6D83FCFBBB}.Release|Any CPU.Build.0 = Release|Any CPU
	EndGlobalSection
	GlobalSection(SolutionProperties) = preSolution
		HideSolutionNode = FALSE
	EndGlobalSection
	GlobalSection(ExtensibilityGlobals) = postSolution
		SolutionGuid = {E7CCA305-F9DB-473D-AEAC-526072A2AF35}
	EndGlobalSection
EndGlobal
